
Microsoft Visual Studio Solution File, Format Version 12.00
# Visual Studio Version 17
VisualStudioVersion = 17.11.35327.3
MinimumVisualStudioVersion = 10.0.40219.1
Project("{FAE04EC0-301F-11D3-BF4B-00C04F79EFBC}") = "web1", "web1.csproj", "{86C89F23-CB47-40C1-89F9-E30E2A4B82F8}"
EndProject
Global
	GlobalSection(SolutionConfigurationPlatforms) = preSolution
		Debug|Any CPU = Debug|Any CPU
		Release|Any CPU = Release|Any CPU
	EndGlobalSection
	GlobalSection(ProjectConfigurationPlatforms) = postSolution
		{86C89F23-CB47-40C1-89F9-E30E2A4B82F8}.Debug|Any CPU.ActiveCfg = Debug|Any CPU
		{86C89F23-CB47-40C1-89F9-E30E2A4B82F8}.Debug|Any CPU.Build.0 = Debug|Any CPU
		{86C89F23-CB47-40C1-89F9-E30E2A4B82F8}.Release|Any CPU.ActiveCfg = Release|Any CPU
		{86C89F23-CB47-40C1-89F9-E30E2A4B82F8}.Release|Any CPU.Build.0 = Release|Any CPU
	EndGlobalSection
	GlobalSection(SolutionProperties) = preSolution
		HideSolutionNode = FALSE
	EndGlobalSection
	GlobalSection(ExtensibilityGlobals) = postSolution
		SolutionGuid = {766FF3E1-8B1C-4E4D-862E-B2440A6CB02B}
	EndGlobalSection
EndGlobal
